
Microsoft Visual Studio Solution File, Format Version 12.00
# Visual Studio 15
VisualStudioVersion = 15.0.28307.902
MinimumVisualStudioVersion = 10.0.40219.1
Project("{FAE04EC0-301F-11D3-BF4B-00C04F79EFBC}") = "PLL", "ToDoList\PLL.csproj", "{5D07E1E5-4DFE-4FDD-AB81-AE485C706926}"
EndProject
Project("{FAE04EC0-301F-11D3-BF4B-00C04F79EFBC}") = "DAL", "DAL\DAL.csproj", "{B4A8DC2F-033D-47B4-8B7C-0165A7148F89}"
EndProject
Project("{FAE04EC0-301F-11D3-BF4B-00C04F79EFBC}") = "BL", "BL\BL.csproj", "{FD49F72F-41AA-40BF-B3C3-F87EBE505AB8}"
EndProject
Global
	GlobalSection(SolutionConfigurationPlatforms) = preSolution
		Debug|Any CPU = Debug|Any CPU
		Release|Any CPU = Release|Any CPU
	EndGlobalSection
	GlobalSection(ProjectConfigurationPlatforms) = postSolution
		{5D07E1E5-4DFE-4FDD-AB81-AE485C706926}.Debug|Any CPU.ActiveCfg = Debug|Any CPU
		{5D07E1E5-4DFE-4FDD-AB81-AE485C706926}.Debug|Any CPU.Build.0 = Debug|Any CPU
		{5D07E1E5-4DFE-4FDD-AB81-AE485C706926}.Release|Any CPU.ActiveCfg = Release|Any CPU
		{5D07E1E5-4DFE-4FDD-AB81-AE485C706926}.Release|Any CPU.Build.0 = Release|Any CPU
		{B4A8DC2F-033D-47B4-8B7C-0165A7148F89}.Debug|Any CPU.ActiveCfg = Debug|Any CPU
		{B4A8DC2F-033D-47B4-8B7C-0165A7148F89}.Debug|Any CPU.Build.0 = Debug|Any CPU
		{B4A8DC2F-033D-47B4-8B7C-0165A7148F89}.Release|Any CPU.ActiveCfg = Release|Any CPU
		{B4A8DC2F-033D-47B4-8B7C-0165A7148F89}.Release|Any CPU.Build.0 = Release|Any CPU
		{FD49F72F-41AA-40BF-B3C3-F87EBE505AB8}.Debug|Any CPU.ActiveCfg = Debug|Any CPU
		{FD49F72F-41AA-40BF-B3C3-F87EBE505AB8}.Debug|Any CPU.Build.0 = Debug|Any CPU
		{FD49F72F-41AA-40BF-B3C3-F87EBE505AB8}.Release|Any CPU.ActiveCfg = Release|Any CPU
		{FD49F72F-41AA-40BF-B3C3-F87EBE505AB8}.Release|Any CPU.Build.0 = Release|Any CPU
	EndGlobalSection
	GlobalSection(SolutionProperties) = preSolution
		HideSolutionNode = FALSE
	EndGlobalSection
	GlobalSection(ExtensibilityGlobals) = postSolution
		SolutionGuid = {74081CF4-A7DA-4720-B1D4-E177BF090AAF}
	EndGlobalSection
EndGlobal
